// !$*UTF8*$!
{
	archiveVersion = 1;
	classes = {
	};
	objectVersion = 50;
	objects = {

/* Begin PBXBuildFile section */
		611B0B78208BBAF2006277D0 /* AppDelegate.swift in Sources */ = {isa = PBXBuildFile; fileRef = 611B0B77208BBAF2006277D0 /* AppDelegate.swift */; };
		611B0B7A208BBAF2006277D0 /* ViewController.swift in Sources */ = {isa = PBXBuildFile; fileRef = 611B0B79208BBAF2006277D0 /* ViewController.swift */; };
		611B0B7D208BBAF2006277D0 /* Main.storyboard in Resources */ = {isa = PBXBuildFile; fileRef = 611B0B7B208BBAF2006277D0 /* Main.storyboard */; };
		611B0B7F208BBAF3006277D0 /* Assets.xcassets in Resources */ = {isa = PBXBuildFile; fileRef = 611B0B7E208BBAF3006277D0 /* Assets.xcassets */; };
		611B0B82208BBAF3006277D0 /* LaunchScreen.storyboard in Resources */ = {isa = PBXBuildFile; fileRef = 611B0B80208BBAF3006277D0 /* LaunchScreen.storyboard */; };
		611B0B8A208BBB14006277D0 /* Podfile in Resources */ = {isa = PBXBuildFile; fileRef = 611B0B89208BBB14006277D0 /* Podfile */; };
		6151FFA9209C6769007AB443 /* CustomGestureRecognizer.swift in Sources */ = {isa = PBXBuildFile; fileRef = 6151FFA8209C6769007AB443 /* CustomGestureRecognizer.swift */; };
		6D4CDF6BCB13771AE444DEB2 /* Pods_iPadSketching.framework in Frameworks */ = {isa = PBXBuildFile; fileRef = D59CCE37415ECF207BDAFC38 /* Pods_iPadSketching.framework */; };
/* End PBXBuildFile section */

/* Begin PBXFileReference section */
		611B0B74208BBAF2006277D0 /* iPadSketching.app */ = {isa = PBXFileReference; explicitFileType = wrapper.application; includeInIndex = 0; path = iPadSketching.app; sourceTree = BUILT_PRODUCTS_DIR; };
		611B0B77208BBAF2006277D0 /* AppDelegate.swift */ = {isa = PBXFileReference; lastKnownFileType = sourcecode.swift; path = AppDelegate.swift; sourceTree = "<group>"; };
		611B0B79208BBAF2006277D0 /* ViewController.swift */ = {isa = PBXFileReference; lastKnownFileType = sourcecode.swift; path = ViewController.swift; sourceTree = "<group>"; };
		611B0B7C208BBAF2006277D0 /* Base */ = {isa = PBXFileReference; lastKnownFileType = file.storyboard; name = Base; path = Base.lproj/Main.storyboard; sourceTree = "<group>"; };
		611B0B7E208BBAF3006277D0 /* Assets.xcassets */ = {isa = PBXFileReference; lastKnownFileType = folder.assetcatalog; path = Assets.xcassets; sourceTree = "<group>"; };
		611B0B81208BBAF3006277D0 /* Base */ = {isa = PBXFileReference; lastKnownFileType = file.storyboard; name = Base; path = Base.lproj/LaunchScreen.storyboard; sourceTree = "<group>"; };
		611B0B83208BBAF3006277D0 /* Info.plist */ = {isa = PBXFileReference; lastKnownFileType = text.plist.xml; path = Info.plist; sourceTree = "<group>"; };
		611B0B89208BBB14006277D0 /* Podfile */ = {isa = PBXFileReference; lastKnownFileType = text; path = Podfile; sourceTree = "<group>"; };
		6151FFA8209C6769007AB443 /* CustomGestureRecognizer.swift */ = {isa = PBXFileReference; lastKnownFileType = sourcecode.swift; path = CustomGestureRecognizer.swift; sourceTree = "<group>"; };
		A4C76BAFDC59A2EE26D9525E /* Pods-iPadSketching.debug.xcconfig */ = {isa = PBXFileReference; includeInIndex = 1; lastKnownFileType = text.xcconfig; name = "Pods-iPadSketching.debug.xcconfig"; path = "Pods/Target Support Files/Pods-iPadSketching/Pods-iPadSketching.debug.xcconfig"; sourceTree = "<group>"; };
		D2FE0AFF37CA64E473AF3500 /* Pods-iPadSketching.release.xcconfig */ = {isa = PBXFileReference; includeInIndex = 1; lastKnownFileType = text.xcconfig; name = "Pods-iPadSketching.release.xcconfig"; path = "Pods/Target Support Files/Pods-iPadSketching/Pods-iPadSketching.release.xcconfig"; sourceTree = "<group>"; };
		D59CCE37415ECF207BDAFC38 /* Pods_iPadSketching.framework */ = {isa = PBXFileReference; explicitFileType = wrapper.framework; includeInIndex = 0; path = Pods_iPadSketching.framework; sourceTree = BUILT_PRODUCTS_DIR; };
/* End PBXFileReference section */

/* Begin PBXFrameworksBuildPhase section */
		611B0B71208BBAF2006277D0 /* Frameworks */ = {
			isa = PBXFrameworksBuildPhase;
			buildActionMask = 2147483647;
			files = (
				6D4CDF6BCB13771AE444DEB2 /* Pods_iPadSketching.framework in Frameworks */,
			);
			runOnlyForDeploymentPostprocessing = 0;
		};
/* End PBXFrameworksBuildPhase section */

/* Begin PBXGroup section */
		01A83B6EA3E663164746AB7C /* Frameworks */ = {
			isa = PBXGroup;
			children = (
				D59CCE37415ECF207BDAFC38 /* Pods_iPadSketching.framework */,
			);
			name = Frameworks;
			sourceTree = "<group>";
		};
		318AB571E1EEB2F536597895 /* Pods */ = {
			isa = PBXGroup;
			children = (
				A4C76BAFDC59A2EE26D9525E /* Pods-iPadSketching.debug.xcconfig */,
				D2FE0AFF37CA64E473AF3500 /* Pods-iPadSketching.release.xcconfig */,
			);
			name = Pods;
			sourceTree = "<group>";
		};
		611B0B6B208BBAF2006277D0 = {
			isa = PBXGroup;
			children = (
				611B0B89208BBB14006277D0 /* Podfile */,
				611B0B76208BBAF2006277D0 /* iPadSketching */,
				611B0B75208BBAF2006277D0 /* Products */,
				318AB571E1EEB2F536597895 /* Pods */,
				01A83B6EA3E663164746AB7C /* Frameworks */,
			);
			sourceTree = "<group>";
		};
		611B0B75208BBAF2006277D0 /* Products */ = {
			isa = PBXGroup;
			children = (
				611B0B74208BBAF2006277D0 /* iPadSketching.app */,
			);
			name = Products;
			sourceTree = "<group>";
		};
		611B0B76208BBAF2006277D0 /* iPadSketching */ = {
			isa = PBXGroup;
			children = (
				611B0B77208BBAF2006277D0 /* AppDelegate.swift */,
				611B0B79208BBAF2006277D0 /* ViewController.swift */,
				6151FFA8209C6769007AB443 /* CustomGestureRecognizer.swift */,
				611B0B7B208BBAF2006277D0 /* Main.storyboard */,
				611B0B7E208BBAF3006277D0 /* Assets.xcassets */,
				611B0B80208BBAF3006277D0 /* LaunchScreen.storyboard */,
				611B0B83208BBAF3006277D0 /* Info.plist */,
			);
			path = iPadSketching;
			sourceTree = "<group>";
		};
/* End PBXGroup section */

/* Begin PBXNativeTarget section */
		611B0B73208BBAF2006277D0 /* iPadSketching */ = {
			isa = PBXNativeTarget;
			buildConfigurationList = 611B0B86208BBAF3006277D0 /* Build configuration list for PBXNativeTarget "iPadSketching" */;
			buildPhases = (
				F5E6B0C6B98DDB4A8476D099 /* [CP] Check Pods Manifest.lock */,
				611B0B70208BBAF2006277D0 /* Sources */,
				611B0B71208BBAF2006277D0 /* Frameworks */,
				611B0B72208BBAF2006277D0 /* Resources */,
				8C5754B873B5E815884FC3BD /* [CP] Embed Pods Frameworks */,
			);
			buildRules = (
			);
			dependencies = (
			);
			name = iPadSketching;
			productName = iPadSketching;
			productReference = 611B0B74208BBAF2006277D0 /* iPadSketching.app */;
			productType = "com.apple.product-type.application";
		};
/* End PBXNativeTarget section */

/* Begin PBXProject section */
		611B0B6C208BBAF2006277D0 /* Project object */ = {
			isa = PBXProject;
			attributes = {
				LastSwiftUpdateCheck = 0930;
				LastUpgradeCheck = 0930;
				ORGANIZATIONNAME = "Daniel Roeven";
				TargetAttributes = {
					611B0B73208BBAF2006277D0 = {
						CreatedOnToolsVersion = 9.3;
					};
				};
			};
			buildConfigurationList = 611B0B6F208BBAF2006277D0 /* Build configuration list for PBXProject "iPadSketching" */;
			compatibilityVersion = "Xcode 9.3";
			developmentRegion = en;
			hasScannedForEncodings = 0;
			knownRegions = (
				en,
				Base,
			);
			mainGroup = 611B0B6B208BBAF2006277D0;
			productRefGroup = 611B0B75208BBAF2006277D0 /* Products */;
			projectDirPath = "";
			projectRoot = "";
			targets = (
				611B0B73208BBAF2006277D0 /* iPadSketching */,
			);
		};
/* End PBXProject section */

/* Begin PBXResourcesBuildPhase section */
		611B0B72208BBAF2006277D0 /* Resources */ = {
			isa = PBXResourcesBuildPhase;
			buildActionMask = 2147483647;
			files = (
				611B0B82208BBAF3006277D0 /* LaunchScreen.storyboard in Resources */,
				611B0B7F208BBAF3006277D0 /* Assets.xcassets in Resources */,
				611B0B8A208BBB14006277D0 /* Podfile in Resources */,
				611B0B7D208BBAF2006277D0 /* Main.storyboard in Resources */,
			);
			runOnlyForDeploymentPostprocessing = 0;
		};
/* End PBXResourcesBuildPhase section */

/* Begin PBXShellScriptBuildPhase section */
		8C5754B873B5E815884FC3BD /* [CP] Embed Pods Frameworks */ = {
			isa = PBXShellScriptBuildPhase;
			buildActionMask = 2147483647;
			files = (
			);
			inputPaths = (
				"${SRCROOT}/Pods/Target Support Files/Pods-iPadSketching/Pods-iPadSketching-frameworks.sh",
				"${BUILT_PRODUCTS_DIR}/SwiftOSC/SwiftOSC.framework",
			);
			name = "[CP] Embed Pods Frameworks";
			outputPaths = (
				"${TARGET_BUILD_DIR}/${FRAMEWORKS_FOLDER_PATH}/SwiftOSC.framework",
			);
			runOnlyForDeploymentPostprocessing = 0;
			shellPath = /bin/sh;
			shellScript = "\"${SRCROOT}/Pods/Target Support Files/Pods-iPadSketching/Pods-iPadSketching-frameworks.sh\"\n";
			showEnvVarsInLog = 0;
		};
		F5E6B0C6B98DDB4A8476D099 /* [CP] Check Pods Manifest.lock */ = {
			isa = PBXShellScriptBuildPhase;
			buildActionMask = 2147483647;
			files = (
			);
			inputPaths = (
				"${PODS_PODFILE_DIR_PATH}/Podfile.lock",
				"${PODS_ROOT}/Manifest.lock",
			);
			name = "[CP] Check Pods Manifest.lock";
			outputPaths = (
				"$(DERIVED_FILE_DIR)/Pods-iPadSketching-checkManifestLockResult.txt",
			);
			runOnlyForDeploymentPostprocessing = 0;
			shellPath = /bin/sh;
			shellScript = "diff \"${PODS_PODFILE_DIR_PATH}/Podfile.lock\" \"${PODS_ROOT}/Manifest.lock\" > /dev/null\nif [ $? != 0 ] ; then\n    # print error to STDERR\n    echo \"error: The sandbox is not in sync with the Podfile.lock. Run 'pod install' or update your CocoaPods installation.\" >&2\n    exit 1\nfi\n# This output is used by Xcode 'outputs' to avoid re-running this script phase.\necho \"SUCCESS\" > \"${SCRIPT_OUTPUT_FILE_0}\"\n";
			showEnvVarsInLog = 0;
		};
/* End PBXShellScriptBuildPhase section */

/* Begin PBXSourcesBuildPhase section */
		611B0B70208BBAF2006277D0 /* Sources */ = {
			isa = PBXSourcesBuildPhase;
			buildActionMask = 2147483647;
			files = (
				611B0B7A208BBAF2006277D0 /* ViewController.swift in Sources */,
				611B0B78208BBAF2006277D0 /* AppDelegate.swift in Sources */,
				6151FFA9209C6769007AB443 /* CustomGestureRecognizer.swift in Sources */,
			);
			runOnlyForDeploymentPostprocessing = 0;
		};
/* End PBXSourcesBuildPhase section */

/* Begin PBXVariantGroup section */
		611B0B7B208BBAF2006277D0 /* Main.storyboard */ = {
			isa = PBXVariantGroup;
			children = (
				611B0B7C208BBAF2006277D0 /* Base */,
			);
			name = Main.storyboard;
			sourceTree = "<group>";
		};
		611B0B80208BBAF3006277D0 /* LaunchScreen.storyboard */ = {
			isa = PBXVariantGroup;
			children = (
				611B0B81208BBAF3006277D0 /* Base */,
			);
			name = LaunchScreen.storyboard;
			sourceTree = "<group>";
		};
/* End PBXVariantGroup section */

/* Begin XCBuildConfiguration section */
		611B0B84208BBAF3006277D0 /* Debug */ = {
			isa = XCBuildConfiguration;
			buildSettings = {
				ALWAYS_SEARCH_USER_PATHS = NO;
				CLANG_ANALYZER_NONNULL = YES;
				CLANG_ANALYZER_NUMBER_OBJECT_CONVERSION = YES_AGGRESSIVE;
				CLANG_CXX_LANGUAGE_STANDARD = "gnu++14";
				CLANG_CXX_LIBRARY = "libc++";
				CLANG_ENABLE_MODULES = YES;
				CLANG_ENABLE_OBJC_ARC = YES;
				CLANG_ENABLE_OBJC_WEAK = YES;
				CLANG_WARN_BLOCK_CAPTURE_AUTORELEASING = YES;
				CLANG_WARN_BOOL_CONVERSION = YES;
				CLANG_WARN_COMMA = YES;
				CLANG_WARN_CONSTANT_CONVERSION = YES;
				CLANG_WARN_DEPRECATED_OBJC_IMPLEMENTATIONS = YES;
				CLANG_WARN_DIRECT_OBJC_ISA_USAGE = YES_ERROR;
				CLANG_WARN_DOCUMENTATION_COMMENTS = YES;
				CLANG_WARN_EMPTY_BODY = YES;
				CLANG_WARN_ENUM_CONVERSION = YES;
				CLANG_WARN_INFINITE_RECURSION = YES;
				CLANG_WARN_INT_CONVERSION = YES;
				CLANG_WARN_NON_LITERAL_NULL_CONVERSION = YES;
				CLANG_WARN_OBJC_IMPLICIT_RETAIN_SELF = YES;
				CLANG_WARN_OBJC_LITERAL_CONVERSION = YES;
				CLANG_WARN_OBJC_ROOT_CLASS = YES_ERROR;
				CLANG_WARN_RANGE_LOOP_ANALYSIS = YES;
				CLANG_WARN_STRICT_PROTOTYPES = YES;
				CLANG_WARN_SUSPICIOUS_MOVE = YES;
				CLANG_WARN_UNGUARDED_AVAILABILITY = YES_AGGRESSIVE;
				CLANG_WARN_UNREACHABLE_CODE = YES;
				CLANG_WARN__DUPLICATE_METHOD_MATCH = YES;
				CODE_SIGN_IDENTITY = "iPhone Developer";
				COPY_PHASE_STRIP = NO;
				DEBUG_INFORMATION_FORMAT = dwarf;
				ENABLE_STRICT_OBJC_MSGSEND = YES;
				ENABLE_TESTABILITY = YES;
				GCC_C_LANGUAGE_STANDARD = gnu11;
				GCC_DYNAMIC_NO_PIC = NO;
				GCC_NO_COMMON_BLOCKS = YES;
				GCC_OPTIMIZATION_LEVEL = 0;
				GCC_PREPROCESSOR_DEFINITIONS = (
					"DEBUG=1",
					"$(inherited)",
				);
				GCC_WARN_64_TO_32_BIT_CONVERSION = YES;
				GCC_WARN_ABOUT_RETURN_TYPE = YES_ERROR;
				GCC_WARN_UNDECLARED_SELECTOR = YES;
				GCC_WARN_UNINITIALIZED_AUTOS = YES_AGGRESSIVE;
				GCC_WARN_UNUSED_FUNCTION = YES;
				GCC_WARN_UNUSED_VARIABLE = YES;
				IPHONEOS_DEPLOYMENT_TARGET = 11.3;
				MTL_ENABLE_DEBUG_INFO = YES;
				ONLY_ACTIVE_ARCH = YES;
				SDKROOT = iphoneos;
				SWIFT_ACTIVE_COMPILATION_CONDITIONS = DEBUG;
				SWIFT_OPTIMIZATION_LEVEL = "-Onone";
			};
			name = Debug;
		};
		611B0B85208BBAF3006277D0 /* Release */ = {
			isa = XCBuildConfiguration;
			buildSettings = {
				ALWAYS_SEARCH_USER_PATHS = NO;
				CLANG_ANALYZER_NONNULL = YES;
				CLANG_ANALYZER_NUMBER_OBJECT_CONVERSION = YES_AGGRESSIVE;
				CLANG_CXX_LANGUAGE_STANDARD = "gnu++14";
				CLANG_CXX_LIBRARY = "libc++";
				CLANG_ENABLE_MODULES = YES;
				CLANG_ENABLE_OBJC_ARC = YES;
				CLANG_ENABLE_OBJC_WEAK = YES;
				CLANG_WARN_BLOCK_CAPTURE_AUTORELEASING = YES;
				CLANG_WARN_BOOL_CONVERSION = YES;
				CLANG_WARN_COMMA = YES;
				CLANG_WARN_CONSTANT_CONVERSION = YES;
				CLANG_WARN_DEPRECATED_OBJC_IMPLEMENTATIONS = YES;
				CLANG_WARN_DIRECT_OBJC_ISA_USAGE = YES_ERROR;
				CLANG_WARN_DOCUMENTATION_COMMENTS = YES;
				CLANG_WARN_EMPTY_BODY = YES;
				CLANG_WARN_ENUM_CONVERSION = YES;
				CLANG_WARN_INFINITE_RECURSION = YES;
				CLANG_WARN_INT_CONVERSION = YES;
				CLANG_WARN_NON_LITERAL_NULL_CONVERSION = YES;
				CLANG_WARN_OBJC_IMPLICIT_RETAIN_SELF = YES;
				CLANG_WARN_OBJC_LITERAL_CONVERSION = YES;
				CLANG_WARN_OBJC_ROOT_CLASS = YES_ERROR;
				CLANG_WARN_RANGE_LOOP_ANALYSIS = YES;
				CLANG_WARN_STRICT_PROTOTYPES = YES;
				CLANG_WARN_SUSPICIOUS_MOVE = YES;
				CLANG_WARN_UNGUARDED_AVAILABILITY = YES_AGGRESSIVE;
				CLANG_WARN_UNREACHABLE_CODE = YES;
				CLANG_WARN__DUPLICATE_METHOD_MATCH = YES;
				CODE_SIGN_IDENTITY = "iPhone Developer";
				COPY_PHASE_STRIP = NO;
				DEBUG_INFORMATION_FORMAT = "dwarf-with-dsym";
				ENABLE_NS_ASSERTIONS = NO;
				ENABLE_STRICT_OBJC_MSGSEND = YES;
				GCC_C_LANGUAGE_STANDARD = gnu11;
				GCC_NO_COMMON_BLOCKS = YES;
				GCC_WARN_64_TO_32_BIT_CONVERSION = YES;
				GCC_WARN_ABOUT_RETURN_TYPE = YES_ERROR;
				GCC_WARN_UNDECLARED_SELECTOR = YES;
				GCC_WARN_UNINITIALIZED_AUTOS = YES_AGGRESSIVE;
				GCC_WARN_UNUSED_FUNCTION = YES;
				GCC_WARN_UNUSED_VARIABLE = YES;
				IPHONEOS_DEPLOYMENT_TARGET = 11.3;
				MTL_ENABLE_DEBUG_INFO = NO;
				SDKROOT = iphoneos;
				SWIFT_COMPILATION_MODE = wholemodule;
				SWIFT_OPTIMIZATION_LEVEL = "-O";
				VALIDATE_PRODUCT = YES;
			};
			name = Release;
		};
		611B0B87208BBAF3006277D0 /* Debug */ = {
			isa = XCBuildConfiguration;
			baseConfigurationReference = A4C76BAFDC59A2EE26D9525E /* Pods-iPadSketching.debug.xcconfig */;
			buildSettings = {
				ASSETCATALOG_COMPILER_APPICON_NAME = AppIcon;
				CODE_SIGN_IDENTITY = "iPhone Developer";
				CODE_SIGN_STYLE = Automatic;
				DEVELOPMENT_TEAM = 26N6SDZ7WD;
				INFOPLIST_FILE = iPadSketching/Info.plist;
				LD_RUNPATH_SEARCH_PATHS = (
					"$(inherited)",
					"@executable_path/Frameworks",
				);
				PRODUCT_BUNDLE_IDENTIFIER = com.danielroeven.iPadSketching;
				PRODUCT_NAME = "$(TARGET_NAME)";
				PROVISIONING_PROFILE_SPECIFIER = "";
				SWIFT_VERSION = 4.0;
				TARGETED_DEVICE_FAMILY = "1,2";
			};
			name = Debug;
		};
		611B0B88208BBAF3006277D0 /* Release */ = {
			isa = XCBuildConfiguration;
			baseConfigurationReference = D2FE0AFF37CA64E473AF3500 /* Pods-iPadSketching.release.xcconfig */;
			buildSettings = {
				ASSETCATALOG_COMPILER_APPICON_NAME = AppIcon;
				CODE_SIGN_IDENTITY = "iPhone Developer";
				CODE_SIGN_STYLE = Automatic;
				DEVELOPMENT_TEAM = 26N6SDZ7WD;
				INFOPLIST_FILE = iPadSketching/Info.plist;
				LD_RUNPATH_SEARCH_PATHS = (
					"$(inherited)",
					"@executable_path/Frameworks",
				);
				PRODUCT_BUNDLE_IDENTIFIER = com.danielroeven.iPadSketching;
				PRODUCT_NAME = "$(TARGET_NAME)";
				PROVISIONING_PROFILE_SPECIFIER = "";
				SWIFT_VERSION = 4.0;
				TARGETED_DEVICE_FAMILY = "1,2";
			};
			name = Release;
		};
/* End XCBuildConfiguration section */

/* Begin XCConfigurationList section */
		611B0B6F208BBAF2006277D0 /* Build configuration list for PBXProject "iPadSketching" */ = {
			isa = XCConfigurationList;
			buildConfigurations = (
				611B0B84208BBAF3006277D0 /* Debug */,
				611B0B85208BBAF3006277D0 /* Release */,
			);
			defaultConfigurationIsVisible = 0;
			defaultConfigurationName = Release;
		};
		611B0B86208BBAF3006277D0 /* Build configuration list for PBXNativeTarget "iPadSketching" */ = {
			isa = XCConfigurationList;
			buildConfigurations = (
				611B0B87208BBAF3006277D0 /* Debug */,
				611B0B88208BBAF3006277D0 /* Release */,
			);
			defaultConfigurationIsVisible = 0;
			defaultConfigurationName = Release;
		};
/* End XCConfigurationList section */
	};
	rootObject = 611B0B6C208BBAF2006277D0 /* Project object */;
}
